Microsoft Visual Studio Solution File, Format Version 12.00
# Visual Studio Version 17
VisualStudioVersion = 17.0.31903.59
MinimumVisualStudioVersion = 10.0.40219.1
Project("{F2A71F9B-5D33-465A-A702-920D77279786}") = "JiraBoard.App", "src\JiraBoard.App\JiraBoard.App.fsproj", "{E96D9B0B-273A-4FA0-8548-CB75F2EA4BE9}"
EndProject
Project("{F2A71F9B-5D33-465A-A702-920D77279786}") = "JiraBoard.Ui", "src\JiraBoard.Ui\JiraBoard.Ui.fsproj", "{D74203EC-1930-465D-B056-5416BD8B7C9B}"
EndProject
Project("{F2A71F9B-5D33-465A-A702-920D77279786}") = "JiraBoard.UiCatalog", "src\JiraBoard.UiCatalog\JiraBoard.UiCatalog.fsproj", "{8196F537-C208-48F2-8D71-3384B938EA39}"
EndProject
Project("{F2A71F9B-5D33-465A-A702-920D77279786}") = "JiraBoard.Tests", "tests\JiraBoard.Tests\JiraBoard.Tests.fsproj", "{42F9B9A1-D962-4F42-98A8-599B5978E241}"
EndProject
Project("{F2A71F9B-5D33-465A-A702-920D77279786}") = "JiraBoard.AotSmokeTests", "tests\JiraBoard.AotSmokeTests\JiraBoard.AotSmokeTests.fsproj", "{254190DC-A78E-4847-AE06-07155844EABC}"
EndProject
Project("{F2A71F9B-5D33-465A-A702-920D77279786}") = "JiraBoard.VisualTests", "tests\JiraBoard.VisualTests\JiraBoard.VisualTests.fsproj", "{09464967-9987-4411-9977-ECE5B7A0C5A7}"
EndProject
Global
	GlobalSection(SolutionConfigurationPlatforms) = preSolution
		Debug|Any CPU = Debug|Any CPU
		Release|Any CPU = Release|Any CPU
	EndGlobalSection
	GlobalSection(ProjectConfigurationPlatforms) = postSolution
		{E96D9B0B-273A-4FA0-8548-CB75F2EA4BE9}.Debug|Any CPU.ActiveCfg = Debug|Any CPU
		{E96D9B0B-273A-4FA0-8548-CB75F2EA4BE9}.Debug|Any CPU.Build.0 = Debug|Any CPU
		{E96D9B0B-273A-4FA0-8548-CB75F2EA4BE9}.Release|Any CPU.ActiveCfg = Release|Any CPU
		{E96D9B0B-273A-4FA0-8548-CB75F2EA4BE9}.Release|Any CPU.Build.0 = Release|Any CPU
		{D74203EC-1930-465D-B056-5416BD8B7C9B}.Debug|Any CPU.ActiveCfg = Debug|Any CPU
		{D74203EC-1930-465D-B056-5416BD8B7C9B}.Debug|Any CPU.Build.0 = Debug|Any CPU
		{D74203EC-1930-465D-B056-5416BD8B7C9B}.Release|Any CPU.ActiveCfg = Release|Any CPU
		{D74203EC-1930-465D-B056-5416BD8B7C9B}.Release|Any CPU.Build.0 = Release|Any CPU
		{8196F537-C208-48F2-8D71-3384B938EA39}.Debug|Any CPU.ActiveCfg = Debug|Any CPU
		{8196F537-C208-48F2-8D71-3384B938EA39}.Debug|Any CPU.Build.0 = Debug|Any CPU
		{8196F537-C208-48F2-8D71-3384B938EA39}.Release|Any CPU.ActiveCfg = Release|Any CPU
		{8196F537-C208-48F2-8D71-3384B938EA39}.Release|Any CPU.Build.0 = Release|Any CPU
		{42F9B9A1-D962-4F42-98A8-599B5978E241}.Debug|Any CPU.ActiveCfg = Debug|Any CPU
		{42F9B9A1-D962-4F42-98A8-599B5978E241}.Debug|Any CPU.Build.0 = Debug|Any CPU
		{42F9B9A1-D962-4F42-98A8-599B5978E241}.Release|Any CPU.ActiveCfg = Release|Any CPU
		{42F9B9A1-D962-4F42-98A8-599B5978E241}.Release|Any CPU.Build.0 = Release|Any CPU
		{254190DC-A78E-4847-AE06-07155844EABC}.Debug|Any CPU.ActiveCfg = Debug|Any CPU
		{254190DC-A78E-4847-AE06-07155844EABC}.Debug|Any CPU.Build.0 = Debug|Any CPU
		{254190DC-A78E-4847-AE06-07155844EABC}.Release|Any CPU.ActiveCfg = Release|Any CPU
		{254190DC-A78E-4847-AE06-07155844EABC}.Release|Any CPU.Build.0 = Release|Any CPU
		{09464967-9987-4411-9977-ECE5B7A0C5A7}.Debug|Any CPU.ActiveCfg = Debug|Any CPU
		{09464967-9987-4411-9977-ECE5B7A0C5A7}.Debug|Any CPU.Build.0 = Debug|Any CPU
		{09464967-9987-4411-9977-ECE5B7A0C5A7}.Release|Any CPU.ActiveCfg = Release|Any CPU
		{09464967-9987-4411-9977-ECE5B7A0C5A7}.Release|Any CPU.Build.0 = Release|Any CPU
	EndGlobalSection
	GlobalSection(SolutionProperties) = preSolution
		HideSolutionNode = FALSE
	EndGlobalSection
EndGlobal
